
Microsoft Visual Studio Solution File, Format Version 10.00
# Visual Studio 2008
Project("{FAE04EC0-301F-11D3-BF4B-00C04F79EFBC}") = "PatternMatch", "PatternMatch\PatternMatch.csproj", "{79D01192-A37E-42C7-B65C-DA7CA4E8BCD6}"
EndProject
Project("{FAE04EC0-301F-11D3-BF4B-00C04F79EFBC}") = "PatternMatch.Tests", "PatternMatch.Tests\PatternMatch.Tests.csproj", "{BDC65021-293C-466F-85AF-54CCE64C593D}"
EndProject
Global
	GlobalSection(SolutionConfigurationPlatforms) = preSolution
		Debug|Any CPU = Debug|Any CPU
		Release|Any CPU = Release|Any CPU
	EndGlobalSection
	GlobalSection(ProjectConfigurationPlatforms) = postSolution
		{79D01192-A37E-42C7-B65C-DA7CA4E8BCD6}.Debug|Any CPU.ActiveCfg = Debug|Any CPU
		{79D01192-A37E-42C7-B65C-DA7CA4E8BCD6}.Debug|Any CPU.Build.0 = Debug|Any CPU
		{79D01192-A37E-42C7-B65C-DA7CA4E8BCD6}.Release|Any CPU.ActiveCfg = Release|Any CPU
		{79D01192-A37E-42C7-B65C-DA7CA4E8BCD6}.Release|Any CPU.Build.0 = Release|Any CPU
		{BDC65021-293C-466F-85AF-54CCE64C593D}.Debug|Any CPU.ActiveCfg = Debug|Any CPU
		{BDC65021-293C-466F-85AF-54CCE64C593D}.Debug|Any CPU.Build.0 = Debug|Any CPU
		{BDC65021-293C-466F-85AF-54CCE64C593D}.Release|Any CPU.ActiveCfg = Release|Any CPU
		{BDC65021-293C-466F-85AF-54CCE64C593D}.Release|Any CPU.Build.0 = Release|Any CPU
	EndGlobalSection
	GlobalSection(MonoDevelopProperties) = preSolution
		StartupItem = PatternMatch\PatternMatch.csproj
	EndGlobalSection
EndGlobal
